
Microsoft Visual Studio Solution File, Format Version 12.00
# Visual Studio Version 16
VisualStudioVersion = 16.0.30128.74
MinimumVisualStudioVersion = 10.0.40219.1
Project("{9A19103F-16F7-4668-BE54-9A1E7A4F7556}") = "SalyamiApp", "SalyamiApp.csproj", "{89EEBD0A-3381-4D16-A468-6CC780EFA021}"
EndProject
Global
	GlobalSection(SolutionConfigurationPlatforms) = preSolution
		Debug|Any CPU = Debug|Any CPU
		Release|Any CPU = Release|Any CPU
	EndGlobalSection
	GlobalSection(ProjectConfigurationPlatforms) = postSolution
		{89EEBD0A-3381-4D16-A468-6CC780EFA021}.Debug|Any CPU.ActiveCfg = Debug|Any CPU
		{89EEBD0A-3381-4D16-A468-6CC780EFA021}.Debug|Any CPU.Build.0 = Debug|Any CPU
		{89EEBD0A-3381-4D16-A468-6CC780EFA021}.Release|Any CPU.ActiveCfg = Release|Any CPU
		{89EEBD0A-3381-4D16-A468-6CC780EFA021}.Release|Any CPU.Build.0 = Release|Any CPU
	EndGlobalSection
	GlobalSection(SolutionProperties) = preSolution
		HideSolutionNode = FALSE
	EndGlobalSection
	GlobalSection(ExtensibilityGlobals) = postSolution
		SolutionGuid = {054704FE-C013-4CFB-97A3-93BC216FBE85}
	EndGlobalSection
EndGlobal
